// !$*UTF8*$!
{
	archiveVersion = 1;
	classes = {
	};
	objectVersion = 77;
	objects = {

/* Begin PBXBuildFile section */
		F0265E4C2FF2CED100F9F6C2 /* JmEntityInfo in Frameworks */ = {isa = PBXBuildFile; productRef = F0265E4B2FF2CED100F9F6C2 /* JmEntityInfo */; };
		F0265E4E2FF2CEF300F9F6C2 /* JmEntityInfo in Frameworks */ = {isa = PBXBuildFile; productRef = F0265E4D2FF2CEF300F9F6C2 /* JmEntityInfo */; };
		F0803DB62F47736700B6BD8A /* XMLCoder in Frameworks */ = {isa = PBXBuildFile; productRef = F0803DB52F47736700B6BD8A /* XMLCoder */; };
		F08843542F2D022F0097C911 /* ObjcExceptionBridging in Frameworks */ = {isa = PBXBuildFile; productRef = F08843532F2D022F0097C911 /* ObjcExceptionBridging */; };
		F08843562F2D022F0097C911 /* XCGLogger in Frameworks */ = {isa = PBXBuildFile; productRef = F08843552F2D022F0097C911 /* XCGLogger */; };
		F0C85F1D2FC8D1BF007DF269 /* SwiftOTP in Frameworks */ = {isa = PBXBuildFile; productRef = F0C85F1C2FC8D1BF007DF269 /* SwiftOTP */; };
		F0F616092F2D17EE00D8A2BA /* MarkdownUI in Frameworks */ = {isa = PBXBuildFile; productRef = F0F616082F2D17EE00D8A2BA /* MarkdownUI */; };
		F0FF3D942F17FAC000B5B936 /* VisitShareExtensionAppEx.appex in Embed Foundation Extensions */ = {isa = PBXBuildFile; fileRef = F03293832F1687B8002ACF91 /* VisitShareExtensionAppEx.appex */; settings = {ATTRIBUTES = (RemoveHeadersOnCopy, ); }; };
/* End PBXBuildFile section */

/* Begin PBXContainerItemProxy section */
		F0FF3D242F17F60700B5B936 /* PBXContainerItemProxy */ = {
			isa = PBXContainerItemProxy;
			containerPortal = F032934D2F1686C1002ACF91 /* Project object */;
			proxyType = 1;
			remoteGlobalIDString = F03293822F1687B8002ACF91;
			remoteInfo = VisitShareExtensionAppEx;
		};
		F0FF3D262F17F63A00B5B936 /* PBXContainerItemProxy */ = {
			isa = PBXContainerItemProxy;
			containerPortal = F032934D2F1686C1002ACF91 /* Project object */;
			proxyType = 1;
			remoteGlobalIDString = F03293822F1687B8002ACF91;
			remoteInfo = VisitShareExtensionAppEx;
		};
		F0FF3D952F17FAC000B5B936 /* PBXContainerItemProxy */ = {
			isa = PBXContainerItemProxy;
			containerPortal = F032934D2F1686C1002ACF91 /* Project object */;
			proxyType = 1;
			remoteGlobalIDString = F03293822F1687B8002ACF91;
			remoteInfo = VisitShareExtensionAppEx;
		};
/* End PBXContainerItemProxy section */

/* Begin PBXCopyFilesBuildPhase section */
		F0FF3D972F17FAC000B5B936 /* Embed Foundation Extensions */ = {
			isa = PBXCopyFilesBuildPhase;
			buildActionMask = 2147483647;
			dstPath = "";
			dstSubfolderSpec = 13;
			files = (
				F0FF3D942F17FAC000B5B936 /* VisitShareExtensionAppEx.appex in Embed Foundation Extensions */,
			);
			name = "Embed Foundation Extensions";
			runOnlyForDeploymentPostprocessing = 0;
		};
/* End PBXCopyFilesBuildPhase section */

/* Begin PBXFileReference section */
		F03293552F1686C1002ACF91 /* VisitShareExtension.app */ = {isa = PBXFileReference; explicitFileType = wrapper.application; includeInIndex = 0; path = VisitShareExtension.app; sourceTree = BUILT_PRODUCTS_DIR; };
		F03293832F1687B8002ACF91 /* VisitShareExtensionAppEx.appex */ = {isa = PBXFileReference; explicitFileType = "wrapper.app-extension"; includeInIndex = 0; path = VisitShareExtensionAppEx.appex; sourceTree = BUILT_PRODUCTS_DIR; };
/* End PBXFileReference section */

/* Begin PBXFileSystemSynchronizedBuildFileExceptionSet section */
		F032938E2F1687B8002ACF91 /* Exceptions for "VisitShareExtensionAppEx" folder in "VisitShareExtensionAppEx" target */ = {
			isa = PBXFileSystemSynchronizedBuildFileExceptionSet;
			membershipExceptions = (
				Info.plist,
			);
			target = F03293822F1687B8002ACF91 /* VisitShareExtensionAppEx */;
		};
		F0A137CE2F16A967008BCF87 /* Exceptions for "Shared" folder in "VisitShareExtension" target */ = {
			isa = PBXFileSystemSynchronizedBuildFileExceptionSet;
			membershipExceptions = (
				VVDarwinNotification.swift,
				VVMessageHandoff.swift,
				VVSharedConfig.swift,
				VVSharedTargetApps.swift,
			);
			target = F03293542F1686C1002ACF91 /* VisitShareExtension */;
		};
		F0A137D02F16AA01008BCF87 /* Exceptions for "VisitShareExtension" folder in "VisitShareExtension" target */ = {
			isa = PBXFileSystemSynchronizedBuildFileExceptionSet;
			membershipExceptions = (
				Info.plist,
			);
			target = F03293542F1686C1002ACF91 /* VisitShareExtension */;
		};
/* End PBXFileSystemSynchronizedBuildFileExceptionSet section */

/* Begin PBXFileSystemSynchronizedRootGroup section */
		F03293572F1686C1002ACF91 /* VisitShareExtension */ = {
			isa = PBXFileSystemSynchronizedRootGroup;
			exceptions = (
				F0A137D02F16AA01008BCF87 /* Exceptions for "VisitShareExtension" folder in "VisitShareExtension" target */,
			);
			path = VisitShareExtension;
			sourceTree = "<group>";
		};
		F03293842F1687B8002ACF91 /* VisitShareExtensionAppEx */ = {
			isa = PBXFileSystemSynchronizedRootGroup;
			exceptions = (
				F032938E2F1687B8002ACF91 /* Exceptions for "VisitShareExtensionAppEx" folder in "VisitShareExtensionAppEx" target */,
			);
			path = VisitShareExtensionAppEx;
			sourceTree = "<group>";
		};
		F0A137C42F169A88008BCF87 /* Shared */ = {
			isa = PBXFileSystemSynchronizedRootGroup;
			exceptions = (
				F0A137CE2F16A967008BCF87 /* Exceptions for "Shared" folder in "VisitShareExtension" target */,
			);
			path = Shared;
			sourceTree = "<group>";
		};
/* End PBXFileSystemSynchronizedRootGroup section */

/* Begin PBXFrameworksBuildPhase section */
		F03293522F1686C1002ACF91 /* Frameworks */ = {
			isa = PBXFrameworksBuildPhase;
			buildActionMask = 2147483647;
			files = (
				F0F616092F2D17EE00D8A2BA /* MarkdownUI in Frameworks */,
				F08843542F2D022F0097C911 /* ObjcExceptionBridging in Frameworks */,
				F0803DB62F47736700B6BD8A /* XMLCoder in Frameworks */,
				F0C85F1D2FC8D1BF007DF269 /* SwiftOTP in Frameworks */,
				F0265E4C2FF2CED100F9F6C2 /* JmEntityInfo in Frameworks */,
				F08843562F2D022F0097C911 /* XCGLogger in Frameworks */,
			);
			runOnlyForDeploymentPostprocessing = 0;
		};
		F03293802F1687B8002ACF91 /* Frameworks */ = {
			isa = PBXFrameworksBuildPhase;
			buildActionMask = 2147483647;
			files = (
				F0265E4E2FF2CEF300F9F6C2 /* JmEntityInfo in Frameworks */,
			);
			runOnlyForDeploymentPostprocessing = 0;
		};
/* End PBXFrameworksBuildPhase section */

/* Begin PBXGroup section */
		F032934C2F1686C1002ACF91 = {
			isa = PBXGroup;
			children = (
				F0A137C42F169A88008BCF87 /* Shared */,
				F03293572F1686C1002ACF91 /* VisitShareExtension */,
				F03293842F1687B8002ACF91 /* VisitShareExtensionAppEx */,
				F0FF3D1F2F17F5E600B5B936 /* Frameworks */,
				F03293562F1686C1002ACF91 /* Products */,
			);
			sourceTree = "<group>";
		};
		F03293562F1686C1002ACF91 /* Products */ = {
			isa = PBXGroup;
			children = (
				F03293552F1686C1002ACF91 /* VisitShareExtension.app */,
				F03293832F1687B8002ACF91 /* VisitShareExtensionAppEx.appex */,
			);
			name = Products;
			sourceTree = "<group>";
		};
		F0FF3D1F2F17F5E600B5B936 /* Frameworks */ = {
			isa = PBXGroup;
			children = (
			);
			name = Frameworks;
			sourceTree = "<group>";
		};
/* End PBXGroup section */

/* Begin PBXNativeTarget section */
		F03293542F1686C1002ACF91 /* VisitShareExtension */ = {
			isa = PBXNativeTarget;
			buildConfigurationList = F03293762F1686C4002ACF91 /* Build configuration list for PBXNativeTarget "VisitShareExtension" */;
			buildPhases = (
				F03293512F1686C1002ACF91 /* Sources */,
				F03293522F1686C1002ACF91 /* Frameworks */,
				F03293532F1686C1002ACF91 /* Resources */,
				F0FF3D972F17FAC000B5B936 /* Embed Foundation Extensions */,
			);
			buildRules = (
			);
			dependencies = (
				F0FF3D252F17F60700B5B936 /* PBXTargetDependency */,
				F0FF3D272F17F63A00B5B936 /* PBXTargetDependency */,
				F0FF3D962F17FAC000B5B936 /* PBXTargetDependency */,
			);
			fileSystemSynchronizedGroups = (
				F03293572F1686C1002ACF91 /* VisitShareExtension */,
			);
			name = VisitShareExtension;
			packageProductDependencies = (
				F08843532F2D022F0097C911 /* ObjcExceptionBridging */,
				F08843552F2D022F0097C911 /* XCGLogger */,
				F0F616082F2D17EE00D8A2BA /* MarkdownUI */,
				F0803DB52F47736700B6BD8A /* XMLCoder */,
				F0C85F1C2FC8D1BF007DF269 /* SwiftOTP */,
				F0265E4B2FF2CED100F9F6C2 /* JmEntityInfo */,
			);
			productName = VisitShareExtension;
			productReference = F03293552F1686C1002ACF91 /* VisitShareExtension.app */;
			productType = "com.apple.product-type.application";
		};
		F03293822F1687B8002ACF91 /* VisitShareExtensionAppEx */ = {
			isa = PBXNativeTarget;
			buildConfigurationList = F032938F2F1687B8002ACF91 /* Build configuration list for PBXNativeTarget "VisitShareExtensionAppEx" */;
			buildPhases = (
				F032937F2F1687B8002ACF91 /* Sources */,
				F03293802F1687B8002ACF91 /* Frameworks */,
				F03293812F1687B8002ACF91 /* Resources */,
			);
			buildRules = (
			);
			dependencies = (
			);
			fileSystemSynchronizedGroups = (
				F03293842F1687B8002ACF91 /* VisitShareExtensionAppEx */,
				F0A137C42F169A88008BCF87 /* Shared */,
			);
			name = VisitShareExtensionAppEx;
			packageProductDependencies = (
				F0265E4D2FF2CEF300F9F6C2 /* JmEntityInfo */,
			);
			productName = VisitShareExtensionAppEx;
			productReference = F03293832F1687B8002ACF91 /* VisitShareExtensionAppEx.appex */;
			productType = "com.apple.product-type.app-extension";
		};
/* End PBXNativeTarget section */

/* Begin PBXProject section */
		F032934D2F1686C1002ACF91 /* Project object */ = {
			isa = PBXProject;
			attributes = {
				BuildIndependentTargetsInParallel = 1;
				LastSwiftUpdateCheck = 2620;
				LastUpgradeCheck = 2620;
				TargetAttributes = {
					F03293542F1686C1002ACF91 = {
						CreatedOnToolsVersion = 26.2;
					};
					F03293822F1687B8002ACF91 = {
						CreatedOnToolsVersion = 26.2;
					};
				};
			};
			buildConfigurationList = F03293502F1686C1002ACF91 /* Build configuration list for PBXProject "VisitShareExtension" */;
			developmentRegion = en;
			hasScannedForEncodings = 0;
			knownRegions = (
				en,
				Base,
			);
			mainGroup = F032934C2F1686C1002ACF91;
			minimizedProjectReferenceProxies = 1;
			packageReferences = (
				F08843522F2D022F0097C911 /* XCRemoteSwiftPackageReference "XCGLogger" */,
				F0F616072F2D17EE00D8A2BA /* XCRemoteSwiftPackageReference "MarkdownUI" */,
				F0803DB42F47736700B6BD8A /* XCRemoteSwiftPackageReference "XMLCoder" */,
				F0C85F1B2FC8D1BF007DF269 /* XCRemoteSwiftPackageReference "SwiftOTP" */,
				F0265E4A2FF2CED100F9F6C2 /* XCRemoteSwiftPackageReference "JmEntityInfo" */,
			);
			preferredProjectObjectVersion = 77;
			productRefGroup = F03293562F1686C1002ACF91 /* Products */;
			projectDirPath = "";
			projectRoot = "";
			targets = (
				F03293542F1686C1002ACF91 /* VisitShareExtension */,
				F03293822F1687B8002ACF91 /* VisitShareExtensionAppEx */,
			);
		};
/* End PBXProject section */

/* Begin PBXResourcesBuildPhase section */
		F03293532F1686C1002ACF91 /* Resources */ = {
			isa = PBXResourcesBuildPhase;
			buildActionMask = 2147483647;
			files = (
			);
			runOnlyForDeploymentPostprocessing = 0;
		};
		F03293812F1687B8002ACF91 /* Resources */ = {
			isa = PBXResourcesBuildPhase;
			buildActionMask = 2147483647;
			files = (
			);
			runOnlyForDeploymentPostprocessing = 0;
		};
/* End PBXResourcesBuildPhase section */

/* Begin PBXSourcesBuildPhase section */
		F03293512F1686C1002ACF91 /* Sources */ = {
			isa = PBXSourcesBuildPhase;
			buildActionMask = 2147483647;
			files = (
			);
			runOnlyForDeploymentPostprocessing = 0;
		};
		F032937F2F1687B8002ACF91 /* Sources */ = {
			isa = PBXSourcesBuildPhase;
			buildActionMask = 2147483647;
			files = (
			);
			runOnlyForDeploymentPostprocessing = 0;
		};
/* End PBXSourcesBuildPhase section */

/* Begin PBXTargetDependency section */
		F0FF3D252F17F60700B5B936 /* PBXTargetDependency */ = {
			isa = PBXTargetDependency;
			target = F03293822F1687B8002ACF91 /* VisitShareExtensionAppEx */;
			targetProxy = F0FF3D242F17F60700B5B936 /* PBXContainerItemProxy */;
		};
		F0FF3D272F17F63A00B5B936 /* PBXTargetDependency */ = {
			isa = PBXTargetDependency;
			target = F03293822F1687B8002ACF91 /* VisitShareExtensionAppEx */;
			targetProxy = F0FF3D262F17F63A00B5B936 /* PBXContainerItemProxy */;
		};
		F0FF3D962F17FAC000B5B936 /* PBXTargetDependency */ = {
			isa = PBXTargetDependency;
			target = F03293822F1687B8002ACF91 /* VisitShareExtensionAppEx */;
			targetProxy = F0FF3D952F17FAC000B5B936 /* PBXContainerItemProxy */;
		};
/* End PBXTargetDependency section */

/* Begin XCBuildConfiguration section */
		F03293742F1686C4002ACF91 /* Debug */ = {
			isa = XCBuildConfiguration;
			buildSettings = {
				ALWAYS_SEARCH_USER_PATHS = NO;
				ASSETCATALOG_COMPILER_GENERATE_SWIFT_ASSET_SYMBOL_EXTENSIONS = YES;
				CLANG_ANALYZER_NONNULL = YES;
				CLANG_ANALYZER_NUMBER_OBJECT_CONVERSION = YES_AGGRESSIVE;
				CLANG_CXX_LANGUAGE_STANDARD = "gnu++20";
				CLANG_ENABLE_MODULES = YES;
				CLANG_ENABLE_OBJC_ARC = YES;
				CLANG_ENABLE_OBJC_WEAK = YES;
				CLANG_WARN_BLOCK_CAPTURE_AUTORELEASING = YES;
				CLANG_WARN_BOOL_CONVERSION = YES;
				CLANG_WARN_COMMA = YES;
				CLANG_WARN_CONSTANT_CONVERSION = YES;
				CLANG_WARN_DEPRECATED_OBJC_IMPLEMENTATIONS = YES;
				CLANG_WARN_DIRECT_OBJC_ISA_USAGE = YES_ERROR;
				CLANG_WARN_DOCUMENTATION_COMMENTS = YES;
				CLANG_WARN_EMPTY_BODY = YES;
				CLANG_WARN_ENUM_CONVERSION = YES;
				CLANG_WARN_INFINITE_RECURSION = YES;
				CLANG_WARN_INT_CONVERSION = YES;
				CLANG_WARN_NON_LITERAL_NULL_CONVERSION = YES;
				CLANG_WARN_OBJC_IMPLICIT_RETAIN_SELF = YES;
				CLANG_WARN_OBJC_LITERAL_CONVERSION = YES;
				CLANG_WARN_OBJC_ROOT_CLASS = YES_ERROR;
				CLANG_WARN_QUOTED_INCLUDE_IN_FRAMEWORK_HEADER = YES;
				CLANG_WARN_RANGE_LOOP_ANALYSIS = YES;
				CLANG_WARN_STRICT_PROTOTYPES = YES;
				CLANG_WARN_SUSPICIOUS_MOVE = YES;
				CLANG_WARN_UNGUARDED_AVAILABILITY = YES_AGGRESSIVE;
				CLANG_WARN_UNREACHABLE_CODE = YES;
				CLANG_WARN__DUPLICATE_METHOD_MATCH = YES;
				COPY_PHASE_STRIP = NO;
				DEBUG_INFORMATION_FORMAT = dwarf;
				DEVELOPMENT_TEAM = J434W9VGHF;
				ENABLE_STRICT_OBJC_MSGSEND = YES;
				ENABLE_TESTABILITY = YES;
				ENABLE_USER_SCRIPT_SANDBOXING = YES;
				GCC_C_LANGUAGE_STANDARD = gnu17;
				GCC_DYNAMIC_NO_PIC = NO;
				GCC_NO_COMMON_BLOCKS = YES;
				GCC_OPTIMIZATION_LEVEL = 0;
				GCC_PREPROCESSOR_DEFINITIONS = (
					"DEBUG=1",
					"$(inherited)",
				);
				GCC_WARN_64_TO_32_BIT_CONVERSION = YES;
				GCC_WARN_ABOUT_RETURN_TYPE = YES_ERROR;
				GCC_WARN_UNDECLARED_SELECTOR = YES;
				GCC_WARN_UNINITIALIZED_AUTOS = YES_AGGRESSIVE;
				GCC_WARN_UNUSED_FUNCTION = YES;
				GCC_WARN_UNUSED_VARIABLE = YES;
				IPHONEOS_DEPLOYMENT_TARGET = 26.2;
				LOCALIZATION_PREFERS_STRING_CATALOGS = YES;
				MTL_ENABLE_DEBUG_INFO = INCLUDE_SOURCE;
				MTL_FAST_MATH = YES;
				ONLY_ACTIVE_ARCH = YES;
				SDKROOT = iphoneos;
				SWIFT_ACTIVE_COMPILATION_CONDITIONS = "DEBUG $(inherited)";
				SWIFT_OPTIMIZATION_LEVEL = "-Onone";
			};
			name = Debug;
		};
		F03293752F1686C4002ACF91 /* Release */ = {
			isa = XCBuildConfiguration;
			buildSettings = {
				ALWAYS_SEARCH_USER_PATHS = NO;
				ASSETCATALOG_COMPILER_GENERATE_SWIFT_ASSET_SYMBOL_EXTENSIONS = YES;
				CLANG_ANALYZER_NONNULL = YES;
				CLANG_ANALYZER_NUMBER_OBJECT_CONVERSION = YES_AGGRESSIVE;
				CLANG_CXX_LANGUAGE_STANDARD = "gnu++20";
				CLANG_ENABLE_MODULES = YES;
				CLANG_ENABLE_OBJC_ARC = YES;
				CLANG_ENABLE_OBJC_WEAK = YES;
				CLANG_WARN_BLOCK_CAPTURE_AUTORELEASING = YES;
				CLANG_WARN_BOOL_CONVERSION = YES;
				CLANG_WARN_COMMA = YES;
				CLANG_WARN_CONSTANT_CONVERSION = YES;
				CLANG_WARN_DEPRECATED_OBJC_IMPLEMENTATIONS = YES;
				CLANG_WARN_DIRECT_OBJC_ISA_USAGE = YES_ERROR;
				CLANG_WARN_DOCUMENTATION_COMMENTS = YES;
				CLANG_WARN_EMPTY_BODY = YES;
				CLANG_WARN_ENUM_CONVERSION = YES;
				CLANG_WARN_INFINITE_RECURSION = YES;
				CLANG_WARN_INT_CONVERSION = YES;
				CLANG_WARN_NON_LITERAL_NULL_CONVERSION = YES;
				CLANG_WARN_OBJC_IMPLICIT_RETAIN_SELF = YES;
				CLANG_WARN_OBJC_LITERAL_CONVERSION = YES;
				CLANG_WARN_OBJC_ROOT_CLASS = YES_ERROR;
				CLANG_WARN_QUOTED_INCLUDE_IN_FRAMEWORK_HEADER = YES;
				CLANG_WARN_RANGE_LOOP_ANALYSIS = YES;
				CLANG_WARN_STRICT_PROTOTYPES = YES;
				CLANG_WARN_SUSPICIOUS_MOVE = YES;
				CLANG_WARN_UNGUARDED_AVAILABILITY = YES_AGGRESSIVE;
				CLANG_WARN_UNREACHABLE_CODE = YES;
				CLANG_WARN__DUPLICATE_METHOD_MATCH = YES;
				COPY_PHASE_STRIP = NO;
				DEBUG_INFORMATION_FORMAT = "dwarf-with-dsym";
				DEVELOPMENT_TEAM = J434W9VGHF;
				ENABLE_NS_ASSERTIONS = NO;
				ENABLE_STRICT_OBJC_MSGSEND = YES;
				ENABLE_USER_SCRIPT_SANDBOXING = YES;
				GCC_C_LANGUAGE_STANDARD = gnu17;
				GCC_NO_COMMON_BLOCKS = YES;
				GCC_WARN_64_TO_32_BIT_CONVERSION = YES;
				GCC_WARN_ABOUT_RETURN_TYPE = YES_ERROR;
				GCC_WARN_UNDECLARED_SELECTOR = YES;
				GCC_WARN_UNINITIALIZED_AUTOS = YES_AGGRESSIVE;
				GCC_WARN_UNUSED_FUNCTION = YES;
				GCC_WARN_UNUSED_VARIABLE = YES;
				IPHONEOS_DEPLOYMENT_TARGET = 26.2;
				LOCALIZATION_PREFERS_STRING_CATALOGS = YES;
				MTL_ENABLE_DEBUG_INFO = NO;
				MTL_FAST_MATH = YES;
				SDKROOT = iphoneos;
				SWIFT_COMPILATION_MODE = wholemodule;
				VALIDATE_PRODUCT = YES;
			};
			name = Release;
		};
		F03293772F1686C4002ACF91 /* Debug */ = {
			isa = XCBuildConfiguration;
			buildSettings = {
				ASSETCATALOG_COMPILER_APPICON_NAME = AppIcon;
				ASSETCATALOG_COMPILER_GLOBAL_ACCENT_COLOR_NAME = AccentColor;
				CODE_SIGN_ENTITLEMENTS = VisitShareExtension/VisitShareExtension.entitlements;
				CODE_SIGN_STYLE = Automatic;
				CURRENT_PROJECT_VERSION = 23.01.26C196;
				DEVELOPMENT_TEAM = 6CVN7U97NK;
				ENABLE_PREVIEWS = YES;
				GENERATE_INFOPLIST_FILE = YES;
				INFOPLIST_FILE = VisitShareExtension/Info.plist;
				INFOPLIST_KEY_CFBundleDisplayName = VisitShareExtension;
				INFOPLIST_KEY_LSApplicationCategoryType = "public.app-category.developer-tools";
				INFOPLIST_KEY_NSHumanReadableCopyright = "Copyright © DFWPMA 2024-2026. All rights reserved.";
				INFOPLIST_KEY_UIApplicationSupportsIndirectInputEvents = YES;
				INFOPLIST_KEY_UISupportedInterfaceOrientations_iPad = "UIInterfaceOrientationPortrait UIInterfaceOrientationPortraitUpsideDown UIInterfaceOrientationLandscapeLeft UIInterfaceOrientationLandscapeRight";
				INFOPLIST_KEY_UISupportedInterfaceOrientations_iPhone = "UIInterfaceOrientationPortrait UIInterfaceOrientationLandscapeLeft UIInterfaceOrientationLandscapeRight";
				IPHONEOS_DEPLOYMENT_TARGET = 18.0;
				LD_RUNPATH_SEARCH_PATHS = (
					"$(inherited)",
					"@executable_path/Frameworks",
				);
				MARKETING_VERSION = 1.02;
				OTHER_SWIFT_FLAGS = "-DUSE_APP_LOGGING_BY_VISITOR -DENABLE_APP_IAP_CAPABILITY";
				PRODUCT_BUNDLE_IDENTIFIER = com.PreferredMobileApplications.VisitShareExtension1;
				PRODUCT_NAME = "$(TARGET_NAME)";
				STRING_CATALOG_GENERATE_SYMBOLS = YES;
				SWIFT_APPROACHABLE_CONCURRENCY = YES;
				SWIFT_EMIT_LOC_STRINGS = YES;
				SWIFT_UPCOMING_FEATURE_MEMBER_IMPORT_VISIBILITY = YES;
				SWIFT_VERSION = 6.0;
				TARGETED_DEVICE_FAMILY = "1,2";
			};
			name = Debug;
		};
		F03293782F1686C4002ACF91 /* Release */ = {
			isa = XCBuildConfiguration;
			buildSettings = {
				ASSETCATALOG_COMPILER_APPICON_NAME = AppIcon;
				ASSETCATALOG_COMPILER_GLOBAL_ACCENT_COLOR_NAME = AccentColor;
				CODE_SIGN_ENTITLEMENTS = VisitShareExtension/VisitShareExtension.entitlements;
				CODE_SIGN_STYLE = Automatic;
				CURRENT_PROJECT_VERSION = 23.01.26C196;
				DEVELOPMENT_TEAM = 6CVN7U97NK;
				ENABLE_PREVIEWS = YES;
				GENERATE_INFOPLIST_FILE = YES;
				INFOPLIST_FILE = VisitShareExtension/Info.plist;
				INFOPLIST_KEY_CFBundleDisplayName = VisitShareExtension;
				INFOPLIST_KEY_LSApplicationCategoryType = "public.app-category.developer-tools";
				INFOPLIST_KEY_NSHumanReadableCopyright = "Copyright © DFWPMA 2024-2026. All rights reserved.";
				INFOPLIST_KEY_UIApplicationSupportsIndirectInputEvents = YES;
				INFOPLIST_KEY_UISupportedInterfaceOrientations_iPad = "UIInterfaceOrientationPortrait UIInterfaceOrientationPortraitUpsideDown UIInterfaceOrientationLandscapeLeft UIInterfaceOrientationLandscapeRight";
				INFOPLIST_KEY_UISupportedInterfaceOrientations_iPhone = "UIInterfaceOrientationPortrait UIInterfaceOrientationLandscapeLeft UIInterfaceOrientationLandscapeRight";
				IPHONEOS_DEPLOYMENT_TARGET = 18.0;
				LD_RUNPATH_SEARCH_PATHS = (
					"$(inherited)",
					"@executable_path/Frameworks",
				);
				MARKETING_VERSION = 1.02;
				OTHER_SWIFT_FLAGS = "-DUSE_APP_LOGGING_BY_VISITOR -DENABLE_APP_IAP_CAPABILITY";
				PRODUCT_BUNDLE_IDENTIFIER = com.PreferredMobileApplications.VisitShareExtension1;
				PRODUCT_NAME = "$(TARGET_NAME)";
				STRING_CATALOG_GENERATE_SYMBOLS = YES;
				SWIFT_APPROACHABLE_CONCURRENCY = YES;
				SWIFT_EMIT_LOC_STRINGS = YES;
				SWIFT_UPCOMING_FEATURE_MEMBER_IMPORT_VISIBILITY = YES;
				SWIFT_VERSION = 6.0;
				TARGETED_DEVICE_FAMILY = "1,2";
			};
			name = Release;
		};
		F03293902F1687B8002ACF91 /* Debug */ = {
			isa = XCBuildConfiguration;
			buildSettings = {
				CODE_SIGN_ENTITLEMENTS = VisitShareExtensionAppEx/VisitShareExtensionAppEx.entitlements;
				CODE_SIGN_STYLE = Automatic;
				CURRENT_PROJECT_VERSION = 23.01.26C196;
				DEVELOPMENT_TEAM = 6CVN7U97NK;
				GENERATE_INFOPLIST_FILE = YES;
				INFOPLIST_FILE = VisitShareExtensionAppEx/Info.plist;
				INFOPLIST_KEY_CFBundleDisplayName = VisitShareExtensionAppEx;
				INFOPLIST_KEY_NSHumanReadableCopyright = "Copyright © DFWPMA 2024-2026. All rights reserved.";
				IPHONEOS_DEPLOYMENT_TARGET = 18.0;
				LD_RUNPATH_SEARCH_PATHS = (
					"$(inherited)",
					"@executable_path/Frameworks",
					"@executable_path/../../Frameworks",
				);
				MACH_O_TYPE = mh_execute;
				MARKETING_VERSION = 1.02;
				OTHER_SWIFT_FLAGS = "-DAPP_EXTENSION -DENABLE_APP_IAP_CAPABILITY";
				PRODUCT_BUNDLE_IDENTIFIER = com.PreferredMobileApplications.VisitShareExtension1.VisitShareExtensionAppEx;
				PRODUCT_NAME = "$(TARGET_NAME)";
				SKIP_INSTALL = YES;
				STRING_CATALOG_GENERATE_SYMBOLS = YES;
				SWIFT_APPROACHABLE_CONCURRENCY = YES;
				SWIFT_EMIT_LOC_STRINGS = YES;
				SWIFT_UPCOMING_FEATURE_MEMBER_IMPORT_VISIBILITY = YES;
				SWIFT_VERSION = 6.0;
				TARGETED_DEVICE_FAMILY = "1,2";
			};
			name = Debug;
		};
		F03293912F1687B8002ACF91 /* Release */ = {
			isa = XCBuildConfiguration;
			buildSettings = {
				CODE_SIGN_ENTITLEMENTS = VisitShareExtensionAppEx/VisitShareExtensionAppEx.entitlements;
				CODE_SIGN_STYLE = Automatic;
				CURRENT_PROJECT_VERSION = 23.01.26C196;
				DEVELOPMENT_TEAM = 6CVN7U97NK;
				GENERATE_INFOPLIST_FILE = YES;
				INFOPLIST_FILE = VisitShareExtensionAppEx/Info.plist;
				INFOPLIST_KEY_CFBundleDisplayName = VisitShareExtensionAppEx;
				INFOPLIST_KEY_NSHumanReadableCopyright = "Copyright © DFWPMA 2024-2026. All rights reserved.";
				IPHONEOS_DEPLOYMENT_TARGET = 18.0;
				LD_RUNPATH_SEARCH_PATHS = (
					"$(inherited)",
					"@executable_path/Frameworks",
					"@executable_path/../../Frameworks",
				);
				MACH_O_TYPE = mh_execute;
				MARKETING_VERSION = 1.02;
				OTHER_SWIFT_FLAGS = "-DAPP_EXTENSION -DENABLE_APP_IAP_CAPABILITY";
				PRODUCT_BUNDLE_IDENTIFIER = com.PreferredMobileApplications.VisitShareExtension1.VisitShareExtensionAppEx;
				PRODUCT_NAME = "$(TARGET_NAME)";
				SKIP_INSTALL = YES;
				STRING_CATALOG_GENERATE_SYMBOLS = YES;
				SWIFT_APPROACHABLE_CONCURRENCY = YES;
				SWIFT_EMIT_LOC_STRINGS = YES;
				SWIFT_UPCOMING_FEATURE_MEMBER_IMPORT_VISIBILITY = YES;
				SWIFT_VERSION = 6.0;
				TARGETED_DEVICE_FAMILY = "1,2";
			};
			name = Release;
		};
/* End XCBuildConfiguration section */

/* Begin XCConfigurationList section */
		F03293502F1686C1002ACF91 /* Build configuration list for PBXProject "VisitShareExtension" */ = {
			isa = XCConfigurationList;
			buildConfigurations = (
				F03293742F1686C4002ACF91 /* Debug */,
				F03293752F1686C4002ACF91 /* Release */,
			);
			defaultConfigurationIsVisible = 0;
			defaultConfigurationName = Release;
		};
		F03293762F1686C4002ACF91 /* Build configuration list for PBXNativeTarget "VisitShareExtension" */ = {
			isa = XCConfigurationList;
			buildConfigurations = (
				F03293772F1686C4002ACF91 /* Debug */,
				F03293782F1686C4002ACF91 /* Release */,
			);
			defaultConfigurationIsVisible = 0;
			defaultConfigurationName = Release;
		};
		F032938F2F1687B8002ACF91 /* Build configuration list for PBXNativeTarget "VisitShareExtensionAppEx" */ = {
			isa = XCConfigurationList;
			buildConfigurations = (
				F03293902F1687B8002ACF91 /* Debug */,
				F03293912F1687B8002ACF91 /* Release */,
			);
			defaultConfigurationIsVisible = 0;
			defaultConfigurationName = Release;
		};
/* End XCConfigurationList section */

/* Begin XCRemoteSwiftPackageReference section */
		F0265E4A2FF2CED100F9F6C2 /* XCRemoteSwiftPackageReference "JmEntityInfo" */ = {
			isa = XCRemoteSwiftPackageReference;
			repositoryURL = "https://github.com/drc-development/JmEntityInfo";
			requirement = {
				branch = main;
				kind = branch;
			};
		};
		F0803DB42F47736700B6BD8A /* XCRemoteSwiftPackageReference "XMLCoder" */ = {
			isa = XCRemoteSwiftPackageReference;
			repositoryURL = "https://github.com/CoreOffice/XMLCoder";
			requirement = {
				kind = upToNextMajorVersion;
				minimumVersion = 0.18.0;
			};
		};
		F08843522F2D022F0097C911 /* XCRemoteSwiftPackageReference "XCGLogger" */ = {
			isa = XCRemoteSwiftPackageReference;
			repositoryURL = "https://github.com/DaveWoodCom/XCGLogger";
			requirement = {
				kind = upToNextMajorVersion;
				minimumVersion = 7.1.5;
			};
		};
		F0C85F1B2FC8D1BF007DF269 /* XCRemoteSwiftPackageReference "SwiftOTP" */ = {
			isa = XCRemoteSwiftPackageReference;
			repositoryURL = "https://github.com/lachlanbell/SwiftOTP.git";
			requirement = {
				kind = upToNextMajorVersion;
				minimumVersion = 3.0.2;
			};
		};
		F0F616072F2D17EE00D8A2BA /* XCRemoteSwiftPackageReference "MarkdownUI" */ = {
			isa = XCRemoteSwiftPackageReference;
			repositoryURL = "https://github.com/gonzalezreal/MarkdownUI";
			requirement = {
				kind = upToNextMajorVersion;
				minimumVersion = 2.4.1;
			};
		};
/* End XCRemoteSwiftPackageReference section */

/* Begin XCSwiftPackageProductDependency section */
		F0265E4B2FF2CED100F9F6C2 /* JmEntityInfo */ = {
			isa = XCSwiftPackageProductDependency;
			package = F0265E4A2FF2CED100F9F6C2 /* XCRemoteSwiftPackageReference "JmEntityInfo" */;
			productName = JmEntityInfo;
		};
		F0265E4D2FF2CEF300F9F6C2 /* JmEntityInfo */ = {
			isa = XCSwiftPackageProductDependency;
			package = F0265E4A2FF2CED100F9F6C2 /* XCRemoteSwiftPackageReference "JmEntityInfo" */;
			productName = JmEntityInfo;
		};
		F0803DB52F47736700B6BD8A /* XMLCoder */ = {
			isa = XCSwiftPackageProductDependency;
			package = F0803DB42F47736700B6BD8A /* XCRemoteSwiftPackageReference "XMLCoder" */;
			productName = XMLCoder;
		};
		F08843532F2D022F0097C911 /* ObjcExceptionBridging */ = {
			isa = XCSwiftPackageProductDependency;
			package = F08843522F2D022F0097C911 /* XCRemoteSwiftPackageReference "XCGLogger" */;
			productName = ObjcExceptionBridging;
		};
		F08843552F2D022F0097C911 /* XCGLogger */ = {
			isa = XCSwiftPackageProductDependency;
			package = F08843522F2D022F0097C911 /* XCRemoteSwiftPackageReference "XCGLogger" */;
			productName = XCGLogger;
		};
		F0C85F1C2FC8D1BF007DF269 /* SwiftOTP */ = {
			isa = XCSwiftPackageProductDependency;
			package = F0C85F1B2FC8D1BF007DF269 /* XCRemoteSwiftPackageReference "SwiftOTP" */;
			productName = SwiftOTP;
		};
		F0F616082F2D17EE00D8A2BA /* MarkdownUI */ = {
			isa = XCSwiftPackageProductDependency;
			package = F0F616072F2D17EE00D8A2BA /* XCRemoteSwiftPackageReference "MarkdownUI" */;
			productName = MarkdownUI;
		};
/* End XCSwiftPackageProductDependency section */
	};
	rootObject = F032934D2F1686C1002ACF91 /* Project object */;
}
